
Microsoft Visual Studio Solution File, Format Version 12.00
# Visual Studio 15
VisualStudioVersion = 15.0.27703.2035
MinimumVisualStudioVersion = 10.0.40219.1
Project("{FAE04EC0-301F-11D3-BF4B-00C04F79EFBC}") = "Autoeac3to", "Autoeac3to\Autoeac3to.csproj", "{2313C0EE-DB9E-440C-B749-C5E6D0BF2EFD}"
EndProject
Global
	GlobalSection(SolutionConfigurationPlatforms) = preSolution
		Debug|Any CPU = Debug|Any CPU
		Release|Any CPU = Release|Any CPU
	EndGlobalSection
	GlobalSection(ProjectConfigurationPlatforms) = postSolution
		{2313C0EE-DB9E-440C-B749-C5E6D0BF2EFD}.Debug|Any CPU.ActiveCfg = Debug|Any CPU
		{2313C0EE-DB9E-440C-B749-C5E6D0BF2EFD}.Debug|Any CPU.Build.0 = Debug|Any CPU
		{2313C0EE-DB9E-440C-B749-C5E6D0BF2EFD}.Release|Any CPU.ActiveCfg = Release|Any CPU
		{2313C0EE-DB9E-440C-B749-C5E6D0BF2EFD}.Release|Any CPU.Build.0 = Release|Any CPU
	EndGlobalSection
	GlobalSection(SolutionProperties) = preSolution
		HideSolutionNode = FALSE
	EndGlobalSection
	GlobalSection(ExtensibilityGlobals) = postSolution
		SolutionGuid = {66B6DB06-FA2E-4C64-ABC8-8BCA98C94A12}
	EndGlobalSection
EndGlobal
